
Microsoft Visual Studio Solution File, Format Version 12.00
# Visual Studio 15
VisualStudioVersion = 15.0.28307.421
MinimumVisualStudioVersion = 10.0.40219.1
Project("{FAE04EC0-301F-11D3-BF4B-00C04F79EFBC}") = "CodeFirst", "CodeFirst\CodeFirst.csproj", "{19F88E01-E721-4425-AD17-AFB6737DA73B}"
EndProject
Global
	GlobalSection(SolutionConfigurationPlatforms) = preSolution
		Debug|Any CPU = Debug|Any CPU
		Release|Any CPU = Release|Any CPU
	EndGlobalSection
	GlobalSection(ProjectConfigurationPlatforms) = postSolution
		{19F88E01-E721-4425-AD17-AFB6737DA73B}.Debug|Any CPU.ActiveCfg = Debug|Any CPU
		{19F88E01-E721-4425-AD17-AFB6737DA73B}.Debug|Any CPU.Build.0 = Debug|Any CPU
		{19F88E01-E721-4425-AD17-AFB6737DA73B}.Release|Any CPU.ActiveCfg = Release|Any CPU
		{19F88E01-E721-4425-AD17-AFB6737DA73B}.Release|Any CPU.Build.0 = Release|Any CPU
	EndGlobalSection
	GlobalSection(SolutionProperties) = preSolution
		HideSolutionNode = FALSE
	EndGlobalSection
	GlobalSection(ExtensibilityGlobals) = postSolution
		SolutionGuid = {5D5D3828-C882-482B-BE6A-F144434CC868}
	EndGlobalSection
EndGlobal
